
Microsoft Visual Studio Solution File, Format Version 12.00
# Visual Studio Version 16
VisualStudioVersion = 25.0.1706.10
MinimumVisualStudioVersion = 10.0.40219.1
Project("{FAE04EC0-301F-11D3-BF4B-00C04F79EFBC}") = "EasterEgg_SandroAntonucci", "EasterEgg_SandroAntonucci\EasterEgg_SandroAntonucci.csproj", "{AF3E836D-B6C1-4710-9D5F-204711B7F498}"
EndProject
Global
	GlobalSection(SolutionConfigurationPlatforms) = preSolution
		Debug|Any CPU = Debug|Any CPU
		Release|Any CPU = Release|Any CPU
	EndGlobalSection
	GlobalSection(ProjectConfigurationPlatforms) = postSolution
		{AF3E836D-B6C1-4710-9D5F-204711B7F498}.Debug|Any CPU.ActiveCfg = Debug|Any CPU
		{AF3E836D-B6C1-4710-9D5F-204711B7F498}.Debug|Any CPU.Build.0 = Debug|Any CPU
		{AF3E836D-B6C1-4710-9D5F-204711B7F498}.Release|Any CPU.ActiveCfg = Release|Any CPU
		{AF3E836D-B6C1-4710-9D5F-204711B7F498}.Release|Any CPU.Build.0 = Release|Any CPU
	EndGlobalSection
	GlobalSection(SolutionProperties) = preSolution
		HideSolutionNode = FALSE
	EndGlobalSection
	GlobalSection(ExtensibilityGlobals) = postSolution
		SolutionGuid = {CE0C4874-5E97-4791-B441-72406813BB1D}
	EndGlobalSection
EndGlobal
